
Microsoft Visual Studio Solution File, Format Version 12.00
# Visual Studio Version 16
VisualStudioVersion = 16.0.0.0
MinimumVisualStudioVersion = 16.0.0.0
Project("{9A19103F-16F7-4668-BE54-9A1E7A4F7556}") = "BlazorHybridApp", "BlazorHybridApp\BlazorHybridApp.csproj", "{D36115F4-3777-46DD-9907-79EAF74243D4}"
EndProject
Project("{FAE04EC0-301F-11D3-BF4B-00C04F79EFBC}") = "BlazorHybridApp.Android", "BlazorHybridApp.Android\BlazorHybridApp.Android.csproj", "{17A08335-AFE0-4B65-B3C6-DA64772C6BC0}"
EndProject
Project("{FAE04EC0-301F-11D3-BF4B-00C04F79EFBC}") = "BlazorHybridApp.iOS", "BlazorHybridApp.iOS\BlazorHybridApp.iOS.csproj", "{E59E00EE-16E7-46B1-AC7A-19BAC1188BD2}"
EndProject
Project("{9A19103F-16F7-4668-BE54-9A1E7A4F7556}") = "BlazorHybridApp.Windows", "BlazorHybridApp.Windows\BlazorHybridApp.Windows.csproj", "{1AF625A3-DEAF-41FE-A8F1-C7461324BDB4}"
EndProject
Project("{FAE04EC0-301F-11D3-BF4B-00C04F79EFBC}") = "BlazorHybridApp.macOS", "BlazorHybridApp.macOS\BlazorHybridApp.macOS.csproj", "{603D3148-4994-4247-B9EC-81758F7E186F}"
EndProject
Project("{9A19103F-16F7-4668-BE54-9A1E7A4F7556}") = "BlazorHybridApp.Client", "BlazorHybridApp.Client\BlazorHybridApp.Client.csproj", "{DC418916-03B1-4A60-B0F2-7E5EB61AE14E}"
EndProject
Project("{9A19103F-16F7-4668-BE54-9A1E7A4F7556}") = "BlazorHybridApp.Server", "BlazorHybridApp.Server\BlazorHybridApp.Server.csproj", "{1DE904DB-96DB-48D3-A332-479D7FEABF79}"
EndProject
Project("{9A19103F-16F7-4668-BE54-9A1E7A4F7556}") = "BlazorHybridApp.Shared", "BlazorHybridApp.Shared\BlazorHybridApp.Shared.csproj", "{880AEBFC-A713-4AC5-9F66-D9D3F674941A}"
EndProject
Project("{9A19103F-16F7-4668-BE54-9A1E7A4F7556}") = "BlazorHybridApp.Components", "BlazorHybridApp.Components\BlazorHybridApp.Components.csproj", "{603DDB37-FD9D-4C1C-B004-42F8C60EA035}"
EndProject
Project("{FAE04EC0-301F-11D3-BF4B-00C04F79EFBC}") = "RazorClassLibrary1", "RazorClassLibrary1\RazorClassLibrary1.csproj", "{FCD96500-B845-4B24-BF27-131CAFA790EC}"
EndProject
Global
	GlobalSection(SolutionConfigurationPlatforms) = preSolution
		Debug|Any CPU = Debug|Any CPU
		Debug|iPhone = Debug|iPhone
		Debug|iPhoneSimulator = Debug|iPhoneSimulator
		Debug|x64 = Debug|x64
		Debug|x86 = Debug|x86
		Release|Any CPU = Release|Any CPU
		Release|iPhone = Release|iPhone
		Release|iPhoneSimulator = Release|iPhoneSimulator
		Release|x64 = Release|x64
		Release|x86 = Release|x86
	EndGlobalSection
	GlobalSection(ProjectConfigurationPlatforms) = postSolution
		{D36115F4-3777-46DD-9907-79EAF74243D4}.Debug|Any CPU.ActiveCfg = Debug|Any CPU
		{D36115F4-3777-46DD-9907-79EAF74243D4}.Debug|Any CPU.Build.0 = Debug|Any CPU
		{D36115F4-3777-46DD-9907-79EAF74243D4}.Debug|iPhone.ActiveCfg = Debug|Any CPU
		{D36115F4-3777-46DD-9907-79EAF74243D4}.Debug|iPhone.Build.0 = Debug|Any CPU
		{D36115F4-3777-46DD-9907-79EAF74243D4}.Debug|iPhoneSimulator.ActiveCfg = Debug|Any CPU
		{D36115F4-3777-46DD-9907-79EAF74243D4}.Debug|iPhoneSimulator.Build.0 = Debug|Any CPU
		{D36115F4-3777-46DD-9907-79EAF74243D4}.Debug|x64.ActiveCfg = Debug|Any CPU
		{D36115F4-3777-46DD-9907-79EAF74243D4}.Debug|x64.Build.0 = Debug|Any CPU
		{D36115F4-3777-46DD-9907-79EAF74243D4}.Debug|x86.ActiveCfg = Debug|Any CPU
		{D36115F4-3777-46DD-9907-79EAF74243D4}.Debug|x86.Build.0 = Debug|Any CPU
		{D36115F4-3777-46DD-9907-79EAF74243D4}.Release|Any CPU.ActiveCfg = Release|Any CPU
		{D36115F4-3777-46DD-9907-79EAF74243D4}.Release|Any CPU.Build.0 = Release|Any CPU
		{D36115F4-3777-46DD-9907-79EAF74243D4}.Release|iPhone.ActiveCfg = Release|Any CPU
		{D36115F4-3777-46DD-9907-79EAF74243D4}.Release|iPhone.Build.0 = Release|Any CPU
		{D36115F4-3777-46DD-9907-79EAF74243D4}.Release|iPhoneSimulator.ActiveCfg = Release|Any CPU
		{D36115F4-3777-46DD-9907-79EAF74243D4}.Release|iPhoneSimulator.Build.0 = Release|Any CPU
		{D36115F4-3777-46DD-9907-79EAF74243D4}.Release|x64.ActiveCfg = Release|Any CPU
		{D36115F4-3777-46DD-9907-79EAF74243D4}.Release|x64.Build.0 = Release|Any CPU
		{D36115F4-3777-46DD-9907-79EAF74243D4}.Release|x86.ActiveCfg = Release|Any CPU
		{D36115F4-3777-46DD-9907-79EAF74243D4}.Release|x86.Build.0 = Release|Any CPU
		{17A08335-AFE0-4B65-B3C6-DA64772C6BC0}.Debug|Any CPU.ActiveCfg = Debug|Any CPU
		{17A08335-AFE0-4B65-B3C6-DA64772C6BC0}.Debug|Any CPU.Build.0 = Debug|Any CPU
		{17A08335-AFE0-4B65-B3C6-DA64772C6BC0}.Debug|Any CPU.Deploy.0 = Debug|Any CPU
		{17A08335-AFE0-4B65-B3C6-DA64772C6BC0}.Debug|iPhone.ActiveCfg = Debug|Any CPU
		{17A08335-AFE0-4B65-B3C6-DA64772C6BC0}.Debug|iPhone.Build.0 = Debug|Any CPU
		{17A08335-AFE0-4B65-B3C6-DA64772C6BC0}.Debug|iPhone.Deploy.0 = Debug|Any CPU
		{17A08335-AFE0-4B65-B3C6-DA64772C6BC0}.Debug|iPhoneSimulator.ActiveCfg = Debug|Any CPU
		{17A08335-AFE0-4B65-B3C6-DA64772C6BC0}.Debug|iPhoneSimulator.Build.0 = Debug|Any CPU
		{17A08335-AFE0-4B65-B3C6-DA64772C6BC0}.Debug|iPhoneSimulator.Deploy.0 = Debug|Any CPU
		{17A08335-AFE0-4B65-B3C6-DA64772C6BC0}.Debug|x64.ActiveCfg = Debug|Any CPU
		{17A08335-AFE0-4B65-B3C6-DA64772C6BC0}.Debug|x64.Build.0 = Debug|Any CPU
		{17A08335-AFE0-4B65-B3C6-DA64772C6BC0}.Debug|x64.Deploy.0 = Debug|Any CPU
		{17A08335-AFE0-4B65-B3C6-DA64772C6BC0}.Debug|x86.ActiveCfg = Debug|Any CPU
		{17A08335-AFE0-4B65-B3C6-DA64772C6BC0}.Debug|x86.Build.0 = Debug|Any CPU
		{17A08335-AFE0-4B65-B3C6-DA64772C6BC0}.Debug|x86.Deploy.0 = Debug|Any CPU
		{17A08335-AFE0-4B65-B3C6-DA64772C6BC0}.Release|Any CPU.ActiveCfg = Release|Any CPU
		{17A08335-AFE0-4B65-B3C6-DA64772C6BC0}.Release|Any CPU.Build.0 = Release|Any CPU
		{17A08335-AFE0-4B65-B3C6-DA64772C6BC0}.Release|Any CPU.Deploy.0 = Release|Any CPU
		{17A08335-AFE0-4B65-B3C6-DA64772C6BC0}.Release|iPhone.ActiveCfg = Release|Any CPU
		{17A08335-AFE0-4B65-B3C6-DA64772C6BC0}.Release|iPhone.Build.0 = Release|Any CPU
		{17A08335-AFE0-4B65-B3C6-DA64772C6BC0}.Release|iPhone.Deploy.0 = Release|Any CPU
		{17A08335-AFE0-4B65-B3C6-DA64772C6BC0}.Release|iPhoneSimulator.ActiveCfg = Release|Any CPU
		{17A08335-AFE0-4B65-B3C6-DA64772C6BC0}.Release|iPhoneSimulator.Build.0 = Release|Any CPU
		{17A08335-AFE0-4B65-B3C6-DA64772C6BC0}.Release|iPhoneSimulator.Deploy.0 = Release|Any CPU
		{17A08335-AFE0-4B65-B3C6-DA64772C6BC0}.Release|x64.ActiveCfg = Release|Any CPU
		{17A08335-AFE0-4B65-B3C6-DA64772C6BC0}.Release|x64.Build.0 = Release|Any CPU
		{17A08335-AFE0-4B65-B3C6-DA64772C6BC0}.Release|x64.Deploy.0 = Release|Any CPU
		{17A08335-AFE0-4B65-B3C6-DA64772C6BC0}.Release|x86.ActiveCfg = Release|Any CPU
		{17A08335-AFE0-4B65-B3C6-DA64772C6BC0}.Release|x86.Build.0 = Release|Any CPU
		{17A08335-AFE0-4B65-B3C6-DA64772C6BC0}.Release|x86.Deploy.0 = Release|Any CPU
		{E59E00EE-16E7-46B1-AC7A-19BAC1188BD2}.Debug|Any CPU.ActiveCfg = Debug|iPhone
		{E59E00EE-16E7-46B1-AC7A-19BAC1188BD2}.Debug|iPhone.ActiveCfg = Debug|iPhone
		{E59E00EE-16E7-46B1-AC7A-19BAC1188BD2}.Debug|iPhone.Build.0 = Debug|iPhone
		{E59E00EE-16E7-46B1-AC7A-19BAC1188BD2}.Debug|iPhoneSimulator.ActiveCfg = Debug|iPhoneSimulator
		{E59E00EE-16E7-46B1-AC7A-19BAC1188BD2}.Debug|iPhoneSimulator.Build.0 = Debug|iPhoneSimulator
		{E59E00EE-16E7-46B1-AC7A-19BAC1188BD2}.Debug|x64.ActiveCfg = Debug|iPhone
		{E59E00EE-16E7-46B1-AC7A-19BAC1188BD2}.Debug|x86.ActiveCfg = Debug|iPhone
		{E59E00EE-16E7-46B1-AC7A-19BAC1188BD2}.Release|Any CPU.ActiveCfg = Release|iPhone
		{E59E00EE-16E7-46B1-AC7A-19BAC1188BD2}.Release|iPhone.ActiveCfg = Release|iPhone
		{E59E00EE-16E7-46B1-AC7A-19BAC1188BD2}.Release|iPhone.Build.0 = Release|iPhone
		{E59E00EE-16E7-46B1-AC7A-19BAC1188BD2}.Release|iPhoneSimulator.ActiveCfg = Release|iPhoneSimulator
		{E59E00EE-16E7-46B1-AC7A-19BAC1188BD2}.Release|iPhoneSimulator.Build.0 = Release|iPhoneSimulator
		{E59E00EE-16E7-46B1-AC7A-19BAC1188BD2}.Release|x64.ActiveCfg = Release|iPhone
		{E59E00EE-16E7-46B1-AC7A-19BAC1188BD2}.Release|x86.ActiveCfg = Release|iPhone
		{1AF625A3-DEAF-41FE-A8F1-C7461324BDB4}.Debug|Any CPU.ActiveCfg = Debug|Any CPU
		{1AF625A3-DEAF-41FE-A8F1-C7461324BDB4}.Debug|Any CPU.Build.0 = Debug|Any CPU
		{1AF625A3-DEAF-41FE-A8F1-C7461324BDB4}.Debug|iPhone.ActiveCfg = Debug|Any CPU
		{1AF625A3-DEAF-41FE-A8F1-C7461324BDB4}.Debug|iPhone.Build.0 = Debug|Any CPU
		{1AF625A3-DEAF-41FE-A8F1-C7461324BDB4}.Debug|iPhoneSimulator.ActiveCfg = Debug|Any CPU
		{1AF625A3-DEAF-41FE-A8F1-C7461324BDB4}.Debug|iPhoneSimulator.Build.0 = Debug|Any CPU
		{1AF625A3-DEAF-41FE-A8F1-C7461324BDB4}.Debug|x64.ActiveCfg = Debug|Any CPU
		{1AF625A3-DEAF-41FE-A8F1-C7461324BDB4}.Debug|x64.Build.0 = Debug|Any CPU
		{1AF625A3-DEAF-41FE-A8F1-C7461324BDB4}.Debug|x86.ActiveCfg = Debug|Any CPU
		{1AF625A3-DEAF-41FE-A8F1-C7461324BDB4}.Debug|x86.Build.0 = Debug|Any CPU
		{1AF625A3-DEAF-41FE-A8F1-C7461324BDB4}.Release|Any CPU.ActiveCfg = Release|Any CPU
		{1AF625A3-DEAF-41FE-A8F1-C7461324BDB4}.Release|Any CPU.Build.0 = Release|Any CPU
		{1AF625A3-DEAF-41FE-A8F1-C7461324BDB4}.Release|iPhone.ActiveCfg = Release|Any CPU
		{1AF625A3-DEAF-41FE-A8F1-C7461324BDB4}.Release|iPhone.Build.0 = Release|Any CPU
		{1AF625A3-DEAF-41FE-A8F1-C7461324BDB4}.Release|iPhoneSimulator.ActiveCfg = Release|Any CPU
		{1AF625A3-DEAF-41FE-A8F1-C7461324BDB4}.Release|iPhoneSimulator.Build.0 = Release|Any CPU
		{1AF625A3-DEAF-41FE-A8F1-C7461324BDB4}.Release|x64.ActiveCfg = Release|Any CPU
		{1AF625A3-DEAF-41FE-A8F1-C7461324BDB4}.Release|x64.Build.0 = Release|Any CPU
		{1AF625A3-DEAF-41FE-A8F1-C7461324BDB4}.Release|x86.ActiveCfg = Release|Any CPU
		{1AF625A3-DEAF-41FE-A8F1-C7461324BDB4}.Release|x86.Build.0 = Release|Any CPU
		{603D3148-4994-4247-B9EC-81758F7E186F}.Debug|Any CPU.ActiveCfg = Debug|Any CPU
		{603D3148-4994-4247-B9EC-81758F7E186F}.Debug|Any CPU.Build.0 = Debug|Any CPU
		{603D3148-4994-4247-B9EC-81758F7E186F}.Debug|iPhone.ActiveCfg = Debug|Any CPU
		{603D3148-4994-4247-B9EC-81758F7E186F}.Debug|iPhone.Build.0 = Debug|Any CPU
		{603D3148-4994-4247-B9EC-81758F7E186F}.Debug|iPhoneSimulator.ActiveCfg = Debug|Any CPU
		{603D3148-4994-4247-B9EC-81758F7E186F}.Debug|iPhoneSimulator.Build.0 = Debug|Any CPU
		{603D3148-4994-4247-B9EC-81758F7E186F}.Debug|x64.ActiveCfg = Debug|Any CPU
		{603D3148-4994-4247-B9EC-81758F7E186F}.Debug|x64.Build.0 = Debug|Any CPU
		{603D3148-4994-4247-B9EC-81758F7E186F}.Debug|x86.ActiveCfg = Debug|Any CPU
		{603D3148-4994-4247-B9EC-81758F7E186F}.Debug|x86.Build.0 = Debug|Any CPU
		{603D3148-4994-4247-B9EC-81758F7E186F}.Release|Any CPU.ActiveCfg = Release|Any CPU
		{603D3148-4994-4247-B9EC-81758F7E186F}.Release|Any CPU.Build.0 = Release|Any CPU
		{603D3148-4994-4247-B9EC-81758F7E186F}.Release|iPhone.ActiveCfg = Release|Any CPU
		{603D3148-4994-4247-B9EC-81758F7E186F}.Release|iPhone.Build.0 = Release|Any CPU
		{603D3148-4994-4247-B9EC-81758F7E186F}.Release|iPhoneSimulator.ActiveCfg = Release|Any CPU
		{603D3148-4994-4247-B9EC-81758F7E186F}.Release|iPhoneSimulator.Build.0 = Release|Any CPU
		{603D3148-4994-4247-B9EC-81758F7E186F}.Release|x64.ActiveCfg = Release|Any CPU
		{603D3148-4994-4247-B9EC-81758F7E186F}.Release|x64.Build.0 = Release|Any CPU
		{603D3148-4994-4247-B9EC-81758F7E186F}.Release|x86.ActiveCfg = Release|Any CPU
		{603D3148-4994-4247-B9EC-81758F7E186F}.Release|x86.Build.0 = Release|Any CPU
		{DC418916-03B1-4A60-B0F2-7E5EB61AE14E}.Debug|Any CPU.ActiveCfg = Debug|Any CPU
		{DC418916-03B1-4A60-B0F2-7E5EB61AE14E}.Debug|Any CPU.Build.0 = Debug|Any CPU
		{DC418916-03B1-4A60-B0F2-7E5EB61AE14E}.Debug|iPhone.ActiveCfg = Debug|Any CPU
		{DC418916-03B1-4A60-B0F2-7E5EB61AE14E}.Debug|iPhone.Build.0 = Debug|Any CPU
		{DC418916-03B1-4A60-B0F2-7E5EB61AE14E}.Debug|iPhoneSimulator.ActiveCfg = Debug|Any CPU
		{DC418916-03B1-4A60-B0F2-7E5EB61AE14E}.Debug|iPhoneSimulator.Build.0 = Debug|Any CPU
		{DC418916-03B1-4A60-B0F2-7E5EB61AE14E}.Debug|x64.ActiveCfg = Debug|Any CPU
		{DC418916-03B1-4A60-B0F2-7E5EB61AE14E}.Debug|x64.Build.0 = Debug|Any CPU
		{DC418916-03B1-4A60-B0F2-7E5EB61AE14E}.Debug|x86.ActiveCfg = Debug|Any CPU
		{DC418916-03B1-4A60-B0F2-7E5EB61AE14E}.Debug|x86.Build.0 = Debug|Any CPU
		{DC418916-03B1-4A60-B0F2-7E5EB61AE14E}.Release|Any CPU.ActiveCfg = Release|Any CPU
		{DC418916-03B1-4A60-B0F2-7E5EB61AE14E}.Release|Any CPU.Build.0 = Release|Any CPU
		{DC418916-03B1-4A60-B0F2-7E5EB61AE14E}.Release|iPhone.ActiveCfg = Release|Any CPU
		{DC418916-03B1-4A60-B0F2-7E5EB61AE14E}.Release|iPhone.Build.0 = Release|Any CPU
		{DC418916-03B1-4A60-B0F2-7E5EB61AE14E}.Release|iPhoneSimulator.ActiveCfg = Release|Any CPU
		{DC418916-03B1-4A60-B0F2-7E5EB61AE14E}.Release|iPhoneSimulator.Build.0 = Release|Any CPU
		{DC418916-03B1-4A60-B0F2-7E5EB61AE14E}.Release|x64.ActiveCfg = Release|Any CPU
		{DC418916-03B1-4A60-B0F2-7E5EB61AE14E}.Release|x64.Build.0 = Release|Any CPU
		{DC418916-03B1-4A60-B0F2-7E5EB61AE14E}.Release|x86.ActiveCfg = Release|Any CPU
		{DC418916-03B1-4A60-B0F2-7E5EB61AE14E}.Release|x86.Build.0 = Release|Any CPU
		{1DE904DB-96DB-48D3-A332-479D7FEABF79}.Debug|Any CPU.ActiveCfg = Debug|Any CPU
		{1DE904DB-96DB-48D3-A332-479D7FEABF79}.Debug|Any CPU.Build.0 = Debug|Any CPU
		{1DE904DB-96DB-48D3-A332-479D7FEABF79}.Debug|iPhone.ActiveCfg = Debug|Any CPU
		{1DE904DB-96DB-48D3-A332-479D7FEABF79}.Debug|iPhone.Build.0 = Debug|Any CPU
		{1DE904DB-96DB-48D3-A332-479D7FEABF79}.Debug|iPhoneSimulator.ActiveCfg = Debug|Any CPU
		{1DE904DB-96DB-48D3-A332-479D7FEABF79}.Debug|iPhoneSimulator.Build.0 = Debug|Any CPU
		{1DE904DB-96DB-48D3-A332-479D7FEABF79}.Debug|x64.ActiveCfg = Debug|Any CPU
		{1DE904DB-96DB-48D3-A332-479D7FEABF79}.Debug|x64.Build.0 = Debug|Any CPU
		{1DE904DB-96DB-48D3-A332-479D7FEABF79}.Debug|x86.ActiveCfg = Debug|Any CPU
		{1DE904DB-96DB-48D3-A332-479D7FEABF79}.Debug|x86.Build.0 = Debug|Any CPU
		{1DE904DB-96DB-48D3-A332-479D7FEABF79}.Release|Any CPU.ActiveCfg = Release|Any CPU
		{1DE904DB-96DB-48D3-A332-479D7FEABF79}.Release|Any CPU.Build.0 = Release|Any CPU
		{1DE904DB-96DB-48D3-A332-479D7FEABF79}.Release|iPhone.ActiveCfg = Release|Any CPU
		{1DE904DB-96DB-48D3-A332-479D7FEABF79}.Release|iPhone.Build.0 = Release|Any CPU
		{1DE904DB-96DB-48D3-A332-479D7FEABF79}.Release|iPhoneSimulator.ActiveCfg = Release|Any CPU
		{1DE904DB-96DB-48D3-A332-479D7FEABF79}.Release|iPhoneSimulator.Build.0 = Release|Any CPU
		{1DE904DB-96DB-48D3-A332-479D7FEABF79}.Release|x64.ActiveCfg = Release|Any CPU
		{1DE904DB-96DB-48D3-A332-479D7FEABF79}.Release|x64.Build.0 = Release|Any CPU
		{1DE904DB-96DB-48D3-A332-479D7FEABF79}.Release|x86.ActiveCfg = Release|Any CPU
		{1DE904DB-96DB-48D3-A332-479D7FEABF79}.Release|x86.Build.0 = Release|Any CPU
		{880AEBFC-A713-4AC5-9F66-D9D3F674941A}.Debug|Any CPU.ActiveCfg = Debug|Any CPU
		{880AEBFC-A713-4AC5-9F66-D9D3F674941A}.Debug|Any CPU.Build.0 = Debug|Any CPU
		{880AEBFC-A713-4AC5-9F66-D9D3F674941A}.Debug|iPhone.ActiveCfg = Debug|Any CPU
		{880AEBFC-A713-4AC5-9F66-D9D3F674941A}.Debug|iPhone.Build.0 = Debug|Any CPU
		{880AEBFC-A713-4AC5-9F66-D9D3F674941A}.Debug|iPhoneSimulator.ActiveCfg = Debug|Any CPU
		{880AEBFC-A713-4AC5-9F66-D9D3F674941A}.Debug|iPhoneSimulator.Build.0 = Debug|Any CPU
		{880AEBFC-A713-4AC5-9F66-D9D3F674941A}.Debug|x64.ActiveCfg = Debug|Any CPU
		{880AEBFC-A713-4AC5-9F66-D9D3F674941A}.Debug|x64.Build.0 = Debug|Any CPU
		{880AEBFC-A713-4AC5-9F66-D9D3F674941A}.Debug|x86.ActiveCfg = Debug|Any CPU
		{880AEBFC-A713-4AC5-9F66-D9D3F674941A}.Debug|x86.Build.0 = Debug|Any CPU
		{880AEBFC-A713-4AC5-9F66-D9D3F674941A}.Release|Any CPU.ActiveCfg = Release|Any CPU
		{880AEBFC-A713-4AC5-9F66-D9D3F674941A}.Release|Any CPU.Build.0 = Release|Any CPU
		{880AEBFC-A713-4AC5-9F66-D9D3F674941A}.Release|iPhone.ActiveCfg = Release|Any CPU
		{880AEBFC-A713-4AC5-9F66-D9D3F674941A}.Release|iPhone.Build.0 = Release|Any CPU
		{880AEBFC-A713-4AC5-9F66-D9D3F674941A}.Release|iPhoneSimulator.ActiveCfg = Release|Any CPU
		{880AEBFC-A713-4AC5-9F66-D9D3F674941A}.Release|iPhoneSimulator.Build.0 = Release|Any CPU
		{880AEBFC-A713-4AC5-9F66-D9D3F674941A}.Release|x64.ActiveCfg = Release|Any CPU
		{880AEBFC-A713-4AC5-9F66-D9D3F674941A}.Release|x64.Build.0 = Release|Any CPU
		{880AEBFC-A713-4AC5-9F66-D9D3F674941A}.Release|x86.ActiveCfg = Release|Any CPU
		{880AEBFC-A713-4AC5-9F66-D9D3F674941A}.Release|x86.Build.0 = Release|Any CPU
		{603DDB37-FD9D-4C1C-B004-42F8C60EA035}.Debug|Any CPU.ActiveCfg = Debug|Any CPU
		{603DDB37-FD9D-4C1C-B004-42F8C60EA035}.Debug|Any CPU.Build.0 = Debug|Any CPU
		{603DDB37-FD9D-4C1C-B004-42F8C60EA035}.Debug|iPhone.ActiveCfg = Debug|Any CPU
		{603DDB37-FD9D-4C1C-B004-42F8C60EA035}.Debug|iPhone.Build.0 = Debug|Any CPU
		{603DDB37-FD9D-4C1C-B004-42F8C60EA035}.Debug|iPhoneSimulator.ActiveCfg = Debug|Any CPU
		{603DDB37-FD9D-4C1C-B004-42F8C60EA035}.Debug|iPhoneSimulator.Build.0 = Debug|Any CPU
		{603DDB37-FD9D-4C1C-B004-42F8C60EA035}.Debug|x64.ActiveCfg = Debug|Any CPU
		{603DDB37-FD9D-4C1C-B004-42F8C60EA035}.Debug|x64.Build.0 = Debug|Any CPU
		{603DDB37-FD9D-4C1C-B004-42F8C60EA035}.Debug|x86.ActiveCfg = Debug|Any CPU
		{603DDB37-FD9D-4C1C-B004-42F8C60EA035}.Debug|x86.Build.0 = Debug|Any CPU
		{603DDB37-FD9D-4C1C-B004-42F8C60EA035}.Release|Any CPU.ActiveCfg = Release|Any CPU
		{603DDB37-FD9D-4C1C-B004-42F8C60EA035}.Release|Any CPU.Build.0 = Release|Any CPU
		{603DDB37-FD9D-4C1C-B004-42F8C60EA035}.Release|iPhone.ActiveCfg = Release|Any CPU
		{603DDB37-FD9D-4C1C-B004-42F8C60EA035}.Release|iPhone.Build.0 = Release|Any CPU
		{603DDB37-FD9D-4C1C-B004-42F8C60EA035}.Release|iPhoneSimulator.ActiveCfg = Release|Any CPU
		{603DDB37-FD9D-4C1C-B004-42F8C60EA035}.Release|iPhoneSimulator.Build.0 = Release|Any CPU
		{603DDB37-FD9D-4C1C-B004-42F8C60EA035}.Release|x64.ActiveCfg = Release|Any CPU
		{603DDB37-FD9D-4C1C-B004-42F8C60EA035}.Release|x64.Build.0 = Release|Any CPU
		{603DDB37-FD9D-4C1C-B004-42F8C60EA035}.Release|x86.ActiveCfg = Release|Any CPU
		{603DDB37-FD9D-4C1C-B004-42F8C60EA035}.Release|x86.Build.0 = Release|Any CPU
		{FCD96500-B845-4B24-BF27-131CAFA790EC}.Debug|Any CPU.ActiveCfg = Debug|Any CPU
		{FCD96500-B845-4B24-BF27-131CAFA790EC}.Debug|Any CPU.Build.0 = Debug|Any CPU
		{FCD96500-B845-4B24-BF27-131CAFA790EC}.Debug|iPhone.ActiveCfg = Debug|Any CPU
		{FCD96500-B845-4B24-BF27-131CAFA790EC}.Debug|iPhone.Build.0 = Debug|Any CPU
		{FCD96500-B845-4B24-BF27-131CAFA790EC}.Debug|iPhoneSimulator.ActiveCfg = Debug|Any CPU
		{FCD96500-B845-4B24-BF27-131CAFA790EC}.Debug|iPhoneSimulator.Build.0 = Debug|Any CPU
		{FCD96500-B845-4B24-BF27-131CAFA790EC}.Debug|x64.ActiveCfg = Debug|Any CPU
		{FCD96500-B845-4B24-BF27-131CAFA790EC}.Debug|x64.Build.0 = Debug|Any CPU
		{FCD96500-B845-4B24-BF27-131CAFA790EC}.Debug|x86.ActiveCfg = Debug|Any CPU
		{FCD96500-B845-4B24-BF27-131CAFA790EC}.Debug|x86.Build.0 = Debug|Any CPU
		{FCD96500-B845-4B24-BF27-131CAFA790EC}.Release|Any CPU.ActiveCfg = Release|Any CPU
		{FCD96500-B845-4B24-BF27-131CAFA790EC}.Release|Any CPU.Build.0 = Release|Any CPU
		{FCD96500-B845-4B24-BF27-131CAFA790EC}.Release|iPhone.ActiveCfg = Release|Any CPU
		{FCD96500-B845-4B24-BF27-131CAFA790EC}.Release|iPhone.Build.0 = Release|Any CPU
		{FCD96500-B845-4B24-BF27-131CAFA790EC}.Release|iPhoneSimulator.ActiveCfg = Release|Any CPU
		{FCD96500-B845-4B24-BF27-131CAFA790EC}.Release|iPhoneSimulator.Build.0 = Release|Any CPU
		{FCD96500-B845-4B24-BF27-131CAFA790EC}.Release|x64.ActiveCfg = Release|Any CPU
		{FCD96500-B845-4B24-BF27-131CAFA790EC}.Release|x64.Build.0 = Release|Any CPU
		{FCD96500-B845-4B24-BF27-131CAFA790EC}.Release|x86.ActiveCfg = Release|Any CPU
		{FCD96500-B845-4B24-BF27-131CAFA790EC}.Release|x86.Build.0 = Release|Any CPU
	EndGlobalSection
	GlobalSection(SolutionProperties) = preSolution
		HideSolutionNode = FALSE
	EndGlobalSection
	GlobalSection(ExtensibilityGlobals) = postSolution
		SolutionGuid = {2342F29D-A693-472B-88B2-75A0A2BBD5E4}
	EndGlobalSection
EndGlobal
