Microsoft Visual Studio Solution File, Format Version 12.00
# Visual Studio Version 17
VisualStudioVersion = 17.0.31611.283
MinimumVisualStudioVersion = 10.0.40219.1
Project("{9A19103F-16F7-4668-BE54-9A1E7A4F7556}") = "BlazorHybridApp", "BlazorHybridApp\BlazorHybridApp.csproj", "{BB50EF39-5627-4415-992A-F9B4473657F4}"
EndProject
Project("{FAE04EC0-301F-11D3-BF4B-00C04F79EFBC}") = "BlazorServerApp", "BlazorServerApp\BlazorServerApp.csproj", "{7B9D788A-8067-41FE-A9AF-9D09DD7E0166}"
EndProject
Project("{FAE04EC0-301F-11D3-BF4B-00C04F79EFBC}") = "BlazorComponents", "BlazorComponents\BlazorComponents.csproj", "{D4FEAA34-1303-46E8-85A4-EB7062FE70CE}"
EndProject
Global
	GlobalSection(SolutionConfigurationPlatforms) = preSolution
		Debug|Any CPU = Debug|Any CPU
		Release|Any CPU = Release|Any CPU
	EndGlobalSection
	GlobalSection(ProjectConfigurationPlatforms) = postSolution
		{BB50EF39-5627-4415-992A-F9B4473657F4}.Debug|Any CPU.ActiveCfg = Debug|Any CPU
		{BB50EF39-5627-4415-992A-F9B4473657F4}.Debug|Any CPU.Build.0 = Debug|Any CPU
		{BB50EF39-5627-4415-992A-F9B4473657F4}.Debug|Any CPU.Deploy.0 = Debug|Any CPU
		{BB50EF39-5627-4415-992A-F9B4473657F4}.Release|Any CPU.ActiveCfg = Release|Any CPU
		{BB50EF39-5627-4415-992A-F9B4473657F4}.Release|Any CPU.Build.0 = Release|Any CPU
		{BB50EF39-5627-4415-992A-F9B4473657F4}.Release|Any CPU.Deploy.0 = Release|Any CPU
		{7B9D788A-8067-41FE-A9AF-9D09DD7E0166}.Debug|Any CPU.ActiveCfg = Debug|Any CPU
		{7B9D788A-8067-41FE-A9AF-9D09DD7E0166}.Debug|Any CPU.Build.0 = Debug|Any CPU
		{7B9D788A-8067-41FE-A9AF-9D09DD7E0166}.Release|Any CPU.ActiveCfg = Release|Any CPU
		{7B9D788A-8067-41FE-A9AF-9D09DD7E0166}.Release|Any CPU.Build.0 = Release|Any CPU
		{D4FEAA34-1303-46E8-85A4-EB7062FE70CE}.Debug|Any CPU.ActiveCfg = Debug|Any CPU
		{D4FEAA34-1303-46E8-85A4-EB7062FE70CE}.Debug|Any CPU.Build.0 = Debug|Any CPU
		{D4FEAA34-1303-46E8-85A4-EB7062FE70CE}.Release|Any CPU.ActiveCfg = Release|Any CPU
		{D4FEAA34-1303-46E8-85A4-EB7062FE70CE}.Release|Any CPU.Build.0 = Release|Any CPU
	EndGlobalSection
	GlobalSection(SolutionProperties) = preSolution
		HideSolutionNode = FALSE
	EndGlobalSection
	GlobalSection(ExtensibilityGlobals) = postSolution
		SolutionGuid = {61F7FB11-1E47-470C-91E2-47F8143E1572}
	EndGlobalSection
EndGlobal
